// !$*UTF8*$!
{
	archiveVersion = 1;
	classes = {
	};
	objectVersion = 46;
	objects = {

/* Begin PBXBuildFile section */
		598F14551E32862100AA7759 /* main.m in Sources */ = {isa = PBXBuildFile; fileRef = 598F14541E32862100AA7759 /* main.m */; };
		598F14581E32862100AA7759 /* AppDelegate.m in Sources */ = {isa = PBXBuildFile; fileRef = 598F14571E32862100AA7759 /* AppDelegate.m */; };
		598F145B1E32862100AA7759 /* ViewController.m in Sources */ = {isa = PBXBuildFile; fileRef = 598F145A1E32862100AA7759 /* ViewController.m */; };
		598F145E1E32862100AA7759 /* Main.storyboard in Resources */ = {isa = PBXBuildFile; fileRef = 598F145C1E32862100AA7759 /* Main.storyboard */; };
		598F14601E32862200AA7759 /* Assets.xcassets in Resources */ = {isa = PBXBuildFile; fileRef = 598F145F1E32862200AA7759 /* Assets.xcassets */; };
		598F14631E32862200AA7759 /* LaunchScreen.storyboard in Resources */ = {isa = PBXBuildFile; fileRef = 598F14611E32862200AA7759 /* LaunchScreen.storyboard */; };
		598F146E1E32862200AA7759 /* TipCalculatorTests.m in Sources */ = {isa = PBXBuildFile; fileRef = 598F146D1E32862200AA7759 /* TipCalculatorTests.m */; };
		598F14791E32862200AA7759 /* TipCalculatorUITests.m in Sources */ = {isa = PBXBuildFile; fileRef = 598F14781E32862200AA7759 /* TipCalculatorUITests.m */; };
/* End PBXBuildFile section */

/* Begin PBXContainerItemProxy section */
		598F146A1E32862200AA7759 /* PBXContainerItemProxy */ = {
			isa = PBXContainerItemProxy;
			containerPortal = 598F14481E32862100AA7759 /* Project object */;
			proxyType = 1;
			remoteGlobalIDString = 598F144F1E32862100AA7759;
			remoteInfo = TipCalculator;
		};
		598F14751E32862200AA7759 /* PBXContainerItemProxy */ = {
			isa = PBXContainerItemProxy;
			containerPortal = 598F14481E32862100AA7759 /* Project object */;
			proxyType = 1;
			remoteGlobalIDString = 598F144F1E32862100AA7759;
			remoteInfo = TipCalculator;
		};
/* End PBXContainerItemProxy section */

/* Begin PBXFileReference section */
		598F14501E32862100AA7759 /* TipCalculator.app */ = {isa = PBXFileReference; explicitFileType = wrapper.application; includeInIndex = 0; path = TipCalculator.app; sourceTree = BUILT_PRODUCTS_DIR; };
		598F14541E32862100AA7759 /* main.m */ = {isa = PBXFileReference; lastKnownFileType = sourcecode.c.objc; path = main.m; sourceTree = "<group>"; };
		598F14561E32862100AA7759 /* AppDelegate.h */ = {isa = PBXFileReference; lastKnownFileType = sourcecode.c.h; path = AppDelegate.h; sourceTree = "<group>"; };
		598F14571E32862100AA7759 /* AppDelegate.m */ = {isa = PBXFileReference; lastKnownFileType = sourcecode.c.objc; path = AppDelegate.m; sourceTree = "<group>"; };
		598F14591E32862100AA7759 /* ViewController.h */ = {isa = PBXFileReference; lastKnownFileType = sourcecode.c.h; path = ViewController.h; sourceTree = "<group>"; };
		598F145A1E32862100AA7759 /* ViewController.m */ = {isa = PBXFileReference; lastKnownFileType = sourcecode.c.objc; path = ViewController.m; sourceTree = "<group>"; };
		598F145D1E32862100AA7759 /* Base */ = {isa = PBXFileReference; lastKnownFileType = file.storyboard; name = Base; path = Base.lproj/Main.storyboard; sourceTree = "<group>"; };
		598F145F1E32862200AA7759 /* Assets.xcassets */ = {isa = PBXFileReference; lastKnownFileType = folder.assetcatalog; path = Assets.xcassets; sourceTree = "<group>"; };
		598F14621E32862200AA7759 /* Base */ = {isa = PBXFileReference; lastKnownFileType = file.storyboard; name = Base; path = Base.lproj/LaunchScreen.storyboard; sourceTree = "<group>"; };
		598F14641E32862200AA7759 /* Info.plist */ = {isa = PBXFileReference; lastKnownFileType = text.plist.xml; path = Info.plist; sourceTree = "<group>"; };
		598F14691E32862200AA7759 /* TipCalculatorTests.xctest */ = {isa = PBXFileReference; explicitFileType = wrapper.cfbundle; includeInIndex = 0; path = TipCalculatorTests.xctest; sourceTree = BUILT_PRODUCTS_DIR; };
		598F146D1E32862200AA7759 /* TipCalculatorTests.m */ = {isa = PBXFileReference; lastKnownFileType = sourcecode.c.objc; path = TipCalculatorTests.m; sourceTree = "<group>"; };
		598F146F1E32862200AA7759 /* Info.plist */ = {isa = PBXFileReference; lastKnownFileType = text.plist.xml; path = Info.plist; sourceTree = "<group>"; };
		598F14741E32862200AA7759 /* TipCalculatorUITests.xctest */ = {isa = PBXFileReference; explicitFileType = wrapper.cfbundle; includeInIndex = 0; path = TipCalculatorUITests.xctest; sourceTree = BUILT_PRODUCTS_DIR; };
		598F14781E32862200AA7759 /* TipCalculatorUITests.m */ = {isa = PBXFileReference; lastKnownFileType = sourcecode.c.objc; path = TipCalculatorUITests.m; sourceTree = "<group>"; };
		598F147A1E32862200AA7759 /* Info.plist */ = {isa = PBXFileReference; lastKnownFileType = text.plist.xml; path = Info.plist; sourceTree = "<group>"; };
/* End PBXFileReference section */

/* Begin PBXFrameworksBuildPhase section */
		598F144D1E32862100AA7759 /* Frameworks */ = {
			isa = PBXFrameworksBuildPhase;
			buildActionMask = 2147483647;
			files = (
			);
			runOnlyForDeploymentPostprocessing = 0;
		};
		598F14661E32862200AA7759 /* Frameworks */ = {
			isa = PBXFrameworksBuildPhase;
			buildActionMask = 2147483647;
			files = (
			);
			runOnlyForDeploymentPostprocessing = 0;
		};
		598F14711E32862200AA7759 /* Frameworks */ = {
			isa = PBXFrameworksBuildPhase;
			buildActionMask = 2147483647;
			files = (
			);
			runOnlyForDeploymentPostprocessing = 0;
		};
/* End PBXFrameworksBuildPhase section */

/* Begin PBXGroup section */
		598F14471E32862100AA7759 = {
			isa = PBXGroup;
			children = (
				598F14521E32862100AA7759 /* TipCalculator */,
				598F146C1E32862200AA7759 /* TipCalculatorTests */,
				598F14771E32862200AA7759 /* TipCalculatorUITests */,
				598F14511E32862100AA7759 /* Products */,
			);
			sourceTree = "<group>";
		};
		598F14511E32862100AA7759 /* Products */ = {
			isa = PBXGroup;
			children = (
				598F14501E32862100AA7759 /* TipCalculator.app */,
				598F14691E32862200AA7759 /* TipCalculatorTests.xctest */,
				598F14741E32862200AA7759 /* TipCalculatorUITests.xctest */,
			);
			name = Products;
			sourceTree = "<group>";
		};
		598F14521E32862100AA7759 /* TipCalculator */ = {
			isa = PBXGroup;
			children = (
				598F14561E32862100AA7759 /* AppDelegate.h */,
				598F14571E32862100AA7759 /* AppDelegate.m */,
				598F14591E32862100AA7759 /* ViewController.h */,
				598F145A1E32862100AA7759 /* ViewController.m */,
				598F145C1E32862100AA7759 /* Main.storyboard */,
				598F145F1E32862200AA7759 /* Assets.xcassets */,
				598F14611E32862200AA7759 /* LaunchScreen.storyboard */,
				598F14641E32862200AA7759 /* Info.plist */,
				598F14531E32862100AA7759 /* Supporting Files */,
			);
			path = TipCalculator;
			sourceTree = "<group>";
		};
		598F14531E32862100AA7759 /* Supporting Files */ = {
			isa = PBXGroup;
			children = (
				598F14541E32862100AA7759 /* main.m */,
			);
			name = "Supporting Files";
			sourceTree = "<group>";
		};
		598F146C1E32862200AA7759 /* TipCalculatorTests */ = {
			isa = PBXGroup;
			children = (
				598F146D1E32862200AA7759 /* TipCalculatorTests.m */,
				598F146F1E32862200AA7759 /* Info.plist */,
			);
			path = TipCalculatorTests;
			sourceTree = "<group>";
		};
		598F14771E32862200AA7759 /* TipCalculatorUITests */ = {
			isa = PBXGroup;
			children = (
				598F14781E32862200AA7759 /* TipCalculatorUITests.m */,
				598F147A1E32862200AA7759 /* Info.plist */,
			);
			path = TipCalculatorUITests;
			sourceTree = "<group>";
		};
/* End PBXGroup section */

/* Begin PBXNativeTarget section */
		598F144F1E32862100AA7759 /* TipCalculator */ = {
			isa = PBXNativeTarget;
			buildConfigurationList = 598F147D1E32862200AA7759 /* Build configuration list for PBXNativeTarget "TipCalculator" */;
			buildPhases = (
				598F144C1E32862100AA7759 /* Sources */,
				598F144D1E32862100AA7759 /* Frameworks */,
				598F144E1E32862100AA7759 /* Resources */,
			);
			buildRules = (
			);
			dependencies = (
			);
			name = TipCalculator;
			productName = TipCalculator;
			productReference = 598F14501E32862100AA7759 /* TipCalculator.app */;
			productType = "com.apple.product-type.application";
		};
		598F14681E32862200AA7759 /* TipCalculatorTests */ = {
			isa = PBXNativeTarget;
			buildConfigurationList = 598F14801E32862200AA7759 /* Build configuration list for PBXNativeTarget "TipCalculatorTests" */;
			buildPhases = (
				598F14651E32862200AA7759 /* Sources */,
				598F14661E32862200AA7759 /* Frameworks */,
				598F14671E32862200AA7759 /* Resources */,
			);
			buildRules = (
			);
			dependencies = (
				598F146B1E32862200AA7759 /* PBXTargetDependency */,
			);
			name = TipCalculatorTests;
			productName = TipCalculatorTests;
			productReference = 598F14691E32862200AA7759 /* TipCalculatorTests.xctest */;
			productType = "com.apple.product-type.bundle.unit-test";
		};
		598F14731E32862200AA7759 /* TipCalculatorUITests */ = {
			isa = PBXNativeTarget;
			buildConfigurationList = 598F14831E32862200AA7759 /* Build configuration list for PBXNativeTarget "TipCalculatorUITests" */;
			buildPhases = (
				598F14701E32862200AA7759 /* Sources */,
				598F14711E32862200AA7759 /* Frameworks */,
				598F14721E32862200AA7759 /* Resources */,
			);
			buildRules = (
			);
			dependencies = (
				598F14761E32862200AA7759 /* PBXTargetDependency */,
			);
			name = TipCalculatorUITests;
			productName = TipCalculatorUITests;
			productReference = 598F14741E32862200AA7759 /* TipCalculatorUITests.xctest */;
			productType = "com.apple.product-type.bundle.ui-testing";
		};
/* End PBXNativeTarget section */

/* Begin PBXProject section */
		598F14481E32862100AA7759 /* Project object */ = {
			isa = PBXProject;
			attributes = {
				LastUpgradeCheck = 0820;
				ORGANIZATIONNAME = "Pratibha Dhok";
				TargetAttributes = {
					598F144F1E32862100AA7759 = {
						CreatedOnToolsVersion = 8.2.1;
						ProvisioningStyle = Automatic;
					};
					598F14681E32862200AA7759 = {
						CreatedOnToolsVersion = 8.2.1;
						ProvisioningStyle = Automatic;
						TestTargetID = 598F144F1E32862100AA7759;
					};
					598F14731E32862200AA7759 = {
						CreatedOnToolsVersion = 8.2.1;
						ProvisioningStyle = Automatic;
						TestTargetID = 598F144F1E32862100AA7759;
					};
				};
			};
			buildConfigurationList = 598F144B1E32862100AA7759 /* Build configuration list for PBXProject "TipCalculator" */;
			compatibilityVersion = "Xcode 3.2";
			developmentRegion = English;
			hasScannedForEncodings = 0;
			knownRegions = (
				en,
				Base,
			);
			mainGroup = 598F14471E32862100AA7759;
			productRefGroup = 598F14511E32862100AA7759 /* Products */;
			projectDirPath = "";
			projectRoot = "";
			targets = (
				598F144F1E32862100AA7759 /* TipCalculator */,
				598F14681E32862200AA7759 /* TipCalculatorTests */,
				598F14731E32862200AA7759 /* TipCalculatorUITests */,
			);
		};
/* End PBXProject section */

/* Begin PBXResourcesBuildPhase section */
		598F144E1E32862100AA7759 /* Resources */ = {
			isa = PBXResourcesBuildPhase;
			buildActionMask = 2147483647;
			files = (
				598F14631E32862200AA7759 /* LaunchScreen.storyboard in Resources */,
				598F14601E32862200AA7759 /* Assets.xcassets in Resources */,
				598F145E1E32862100AA7759 /* Main.storyboard in Resources */,
			);
			runOnlyForDeploymentPostprocessing = 0;
		};
		598F14671E32862200AA7759 /* Resources */ = {
			isa = PBXResourcesBuildPhase;
			buildActionMask = 2147483647;
			files = (
			);
			runOnlyForDeploymentPostprocessing = 0;
		};
		598F14721E32862200AA7759 /* Resources */ = {
			isa = PBXResourcesBuildPhase;
			buildActionMask = 2147483647;
			files = (
			);
			runOnlyForDeploymentPostprocessing = 0;
		};
/* End PBXResourcesBuildPhase section */

/* Begin PBXSourcesBuildPhase section */
		598F144C1E32862100AA7759 /* Sources */ = {
			isa = PBXSourcesBuildPhase;
			buildActionMask = 2147483647;
			files = (
				598F145B1E32862100AA7759 /* ViewController.m in Sources */,
				598F14581E32862100AA7759 /* AppDelegate.m in Sources */,
				598F14551E32862100AA7759 /* main.m in Sources */,
			);
			runOnlyForDeploymentPostprocessing = 0;
		};
		598F14651E32862200AA7759 /* Sources */ = {
			isa = PBXSourcesBuildPhase;
			buildActionMask = 2147483647;
			files = (
				598F146E1E32862200AA7759 /* TipCalculatorTests.m in Sources */,
			);
			runOnlyForDeploymentPostprocessing = 0;
		};
		598F14701E32862200AA7759 /* Sources */ = {
			isa = PBXSourcesBuildPhase;
			buildActionMask = 2147483647;
			files = (
				598F14791E32862200AA7759 /* TipCalculatorUITests.m in Sources */,
			);
			runOnlyForDeploymentPostprocessing = 0;
		};
/* End PBXSourcesBuildPhase section */

/* Begin PBXTargetDependency section */
		598F146B1E32862200AA7759 /* PBXTargetDependency */ = {
			isa = PBXTargetDependency;
			target = 598F144F1E32862100AA7759 /* TipCalculator */;
			targetProxy = 598F146A1E32862200AA7759 /* PBXContainerItemProxy */;
		};
		598F14761E32862200AA7759 /* PBXTargetDependency */ = {
			isa = PBXTargetDependency;
			target = 598F144F1E32862100AA7759 /* TipCalculator */;
			targetProxy = 598F14751E32862200AA7759 /* PBXContainerItemProxy */;
		};
/* End PBXTargetDependency section */

/* Begin PBXVariantGroup section */
		598F145C1E32862100AA7759 /* Main.storyboard */ = {
			isa = PBXVariantGroup;
			children = (
				598F145D1E32862100AA7759 /* Base */,
			);
			name = Main.storyboard;
			sourceTree = "<group>";
		};
		598F14611E32862200AA7759 /* LaunchScreen.storyboard */ = {
			isa = PBXVariantGroup;
			children = (
				598F14621E32862200AA7759 /* Base */,
			);
			name = LaunchScreen.storyboard;
			sourceTree = "<group>";
		};
/* End PBXVariantGroup section */

/* Begin XCBuildConfiguration section */
		598F147B1E32862200AA7759 /* Debug */ = {
			isa = XCBuildConfiguration;
			buildSettings = {
				ALWAYS_SEARCH_USER_PATHS = NO;
				CLANG_ANALYZER_NONNULL = YES;
				CLANG_CXX_LANGUAGE_STANDARD = "gnu++0x";
				CLANG_CXX_LIBRARY = "libc++";
				CLANG_ENABLE_MODULES = YES;
				CLANG_ENABLE_OBJC_ARC = YES;
				CLANG_WARN_BOOL_CONVERSION = YES;
				CLANG_WARN_CONSTANT_CONVERSION = YES;
				CLANG_WARN_DIRECT_OBJC_ISA_USAGE = YES_ERROR;
				CLANG_WARN_DOCUMENTATION_COMMENTS = YES;
				CLANG_WARN_EMPTY_BODY = YES;
				CLANG_WARN_ENUM_CONVERSION = YES;
				CLANG_WARN_INFINITE_RECURSION = YES;
				CLANG_WARN_INT_CONVERSION = YES;
				CLANG_WARN_OBJC_ROOT_CLASS = YES_ERROR;
				CLANG_WARN_SUSPICIOUS_MOVE = YES;
				CLANG_WARN_UNREACHABLE_CODE = YES;
				CLANG_WARN__DUPLICATE_METHOD_MATCH = YES;
				"CODE_SIGN_IDENTITY[sdk=iphoneos*]" = "iPhone Developer";
				COPY_PHASE_STRIP = NO;
				DEBUG_INFORMATION_FORMAT = dwarf;
				ENABLE_STRICT_OBJC_MSGSEND = YES;
				ENABLE_TESTABILITY = YES;
				GCC_C_LANGUAGE_STANDARD = gnu99;
				GCC_DYNAMIC_NO_PIC = NO;
				GCC_NO_COMMON_BLOCKS = YES;
				GCC_OPTIMIZATION_LEVEL = 0;
				GCC_PREPROCESSOR_DEFINITIONS = (
					"DEBUG=1",
					"$(inherited)",
				);
				GCC_WARN_64_TO_32_BIT_CONVERSION = YES;
				GCC_WARN_ABOUT_RETURN_TYPE = YES_ERROR;
				GCC_WARN_UNDECLARED_SELECTOR = YES;
				GCC_WARN_UNINITIALIZED_AUTOS = YES_AGGRESSIVE;
				GCC_WARN_UNUSED_FUNCTION = YES;
				GCC_WARN_UNUSED_VARIABLE = YES;
				IPHONEOS_DEPLOYMENT_TARGET = 10.2;
				MTL_ENABLE_DEBUG_INFO = YES;
				ONLY_ACTIVE_ARCH = YES;
				SDKROOT = iphoneos;
				TARGETED_DEVICE_FAMILY = "1,2";
			};
			name = Debug;
		};
		598F147C1E32862200AA7759 /* Release */ = {
			isa = XCBuildConfiguration;
			buildSettings = {
				ALWAYS_SEARCH_USER_PATHS = NO;
				CLANG_ANALYZER_NONNULL = YES;
				CLANG_CXX_LANGUAGE_STANDARD = "gnu++0x";
				CLANG_CXX_LIBRARY = "libc++";
				CLANG_ENABLE_MODULES = YES;
				CLANG_ENABLE_OBJC_ARC = YES;
				CLANG_WARN_BOOL_CONVERSION = YES;
				CLANG_WARN_CONSTANT_CONVERSION = YES;
				CLANG_WARN_DIRECT_OBJC_ISA_USAGE = YES_ERROR;
				CLANG_WARN_DOCUMENTATION_COMMENTS = YES;
				CLANG_WARN_EMPTY_BODY = YES;
				CLANG_WARN_ENUM_CONVERSION = YES;
				CLANG_WARN_INFINITE_RECURSION = YES;
				CLANG_WARN_INT_CONVERSION = YES;
				CLANG_WARN_OBJC_ROOT_CLASS = YES_ERROR;
				CLANG_WARN_SUSPICIOUS_MOVE = YES;
				CLANG_WARN_UNREACHABLE_CODE = YES;
				CLANG_WARN__DUPLICATE_METHOD_MATCH = YES;
				"CODE_SIGN_IDENTITY[sdk=iphoneos*]" = "iPhone Developer";
				COPY_PHASE_STRIP = NO;
				DEBUG_INFORMATION_FORMAT = "dwarf-with-dsym";
				ENABLE_NS_ASSERTIONS = NO;
				ENABLE_STRICT_OBJC_MSGSEND = YES;
				GCC_C_LANGUAGE_STANDARD = gnu99;
				GCC_NO_COMMON_BLOCKS = YES;
				GCC_WARN_64_TO_32_BIT_CONVERSION = YES;
				GCC_WARN_ABOUT_RETURN_TYPE = YES_ERROR;
				GCC_WARN_UNDECLARED_SELECTOR = YES;
				GCC_WARN_UNINITIALIZED_AUTOS = YES_AGGRESSIVE;
				GCC_WARN_UNUSED_FUNCTION = YES;
				GCC_WARN_UNUSED_VARIABLE = YES;
				IPHONEOS_DEPLOYMENT_TARGET = 10.2;
				MTL_ENABLE_DEBUG_INFO = NO;
				SDKROOT = iphoneos;
				TARGETED_DEVICE_FAMILY = "1,2";
				VALIDATE_PRODUCT = YES;
			};
			name = Release;
		};
		598F147E1E32862200AA7759 /* Debug */ = {
			isa = XCBuildConfiguration;
			buildSettings = {
				ASSETCATALOG_COMPILER_APPICON_NAME = AppIcon;
				INFOPLIST_FILE = TipCalculator/Info.plist;
				LD_RUNPATH_SEARCH_PATHS = "$(inherited) @executable_path/Frameworks";
				PRODUCT_BUNDLE_IDENTIFIER = yahoo.TipCalculator;
				PRODUCT_NAME = "$(TARGET_NAME)";
			};
			name = Debug;
		};
		598F147F1E32862200AA7759 /* Release */ = {
			isa = XCBuildConfiguration;
			buildSettings = {
				ASSETCATALOG_COMPILER_APPICON_NAME = AppIcon;
				INFOPLIST_FILE = TipCalculator/Info.plist;
				LD_RUNPATH_SEARCH_PATHS = "$(inherited) @executable_path/Frameworks";
				PRODUCT_BUNDLE_IDENTIFIER = yahoo.TipCalculator;
				PRODUCT_NAME = "$(TARGET_NAME)";
			};
			name = Release;
		};
		598F14811E32862200AA7759 /* Debug */ = {
			isa = XCBuildConfiguration;
			buildSettings = {
				BUNDLE_LOADER = "$(TEST_HOST)";
				INFOPLIST_FILE = TipCalculatorTests/Info.plist;
				LD_RUNPATH_SEARCH_PATHS = "$(inherited) @executable_path/Frameworks @loader_path/Frameworks";
				PRODUCT_BUNDLE_IDENTIFIER = yahoo.TipCalculatorTests;
				PRODUCT_NAME = "$(TARGET_NAME)";
				TEST_HOST = "$(BUILT_PRODUCTS_DIR)/TipCalculator.app/TipCalculator";
			};
			name = Debug;
		};
		598F14821E32862200AA7759 /* Release */ = {
			isa = XCBuildConfiguration;
			buildSettings = {
				BUNDLE_LOADER = "$(TEST_HOST)";
				INFOPLIST_FILE = TipCalculatorTests/Info.plist;
				LD_RUNPATH_SEARCH_PATHS = "$(inherited) @executable_path/Frameworks @loader_path/Frameworks";
				PRODUCT_BUNDLE_IDENTIFIER = yahoo.TipCalculatorTests;
				PRODUCT_NAME = "$(TARGET_NAME)";
				TEST_HOST = "$(BUILT_PRODUCTS_DIR)/TipCalculator.app/TipCalculator";
			};
			name = Release;
		};
		598F14841E32862200AA7759 /* Debug */ = {
			isa = XCBuildConfiguration;
			buildSettings = {
				INFOPLIST_FILE = TipCalculatorUITests/Info.plist;
				LD_RUNPATH_SEARCH_PATHS = "$(inherited) @executable_path/Frameworks @loader_path/Frameworks";
				PRODUCT_BUNDLE_IDENTIFIER = yahoo.TipCalculatorUITests;
				PRODUCT_NAME = "$(TARGET_NAME)";
				TEST_TARGET_NAME = TipCalculator;
			};
			name = Debug;
		};
		598F14851E32862200AA7759 /* Release */ = {
			isa = XCBuildConfiguration;
			buildSettings = {
				INFOPLIST_FILE = TipCalculatorUITests/Info.plist;
				LD_RUNPATH_SEARCH_PATHS = "$(inherited) @executable_path/Frameworks @loader_path/Frameworks";
				PRODUCT_BUNDLE_IDENTIFIER = yahoo.TipCalculatorUITests;
				PRODUCT_NAME = "$(TARGET_NAME)";
				TEST_TARGET_NAME = TipCalculator;
			};
			name = Release;
		};
/* End XCBuildConfiguration section */

/* Begin XCConfigurationList section */
		598F144B1E32862100AA7759 /* Build configuration list for PBXProject "TipCalculator" */ = {
			isa = XCConfigurationList;
			buildConfigurations = (
				598F147B1E32862200AA7759 /* Debug */,
				598F147C1E32862200AA7759 /* Release */,
			);
			defaultConfigurationIsVisible = 0;
			defaultConfigurationName = Release;
		};
		598F147D1E32862200AA7759 /* Build configuration list for PBXNativeTarget "TipCalculator" */ = {
			isa = XCConfigurationList;
			buildConfigurations = (
				598F147E1E32862200AA7759 /* Debug */,
				598F147F1E32862200AA7759 /* Release */,
			);
			defaultConfigurationIsVisible = 0;
		};
		598F14801E32862200AA7759 /* Build configuration list for PBXNativeTarget "TipCalculatorTests" */ = {
			isa = XCConfigurationList;
			buildConfigurations = (
				598F14811E32862200AA7759 /* Debug */,
				598F14821E32862200AA7759 /* Release */,
			);
			defaultConfigurationIsVisible = 0;
		};
		598F14831E32862200AA7759 /* Build configuration list for PBXNativeTarget "TipCalculatorUITests" */ = {
			isa = XCConfigurationList;
			buildConfigurations = (
				598F14841E32862200AA7759 /* Debug */,
				598F14851E32862200AA7759 /* Release */,
			);
			defaultConfigurationIsVisible = 0;
		};
/* End XCConfigurationList section */
	};
	rootObject = 598F14481E32862100AA7759 /* Project object */;
}
